// !$*UTF8*$!
{
	archiveVersion = 1;
	classes = {
	};
	objectVersion = 46;
	objects = {

/* Begin PBXBuildFile section */
		9CB7BA7D1C4F6686009FE14D /* AppDelegate.swift in Sources */ = {isa = PBXBuildFile; fileRef = 9CB7BA7C1C4F6686009FE14D /* AppDelegate.swift */; };
		9CB7BA7F1C4F6686009FE14D /* ViewController.swift in Sources */ = {isa = PBXBuildFile; fileRef = 9CB7BA7E1C4F6686009FE14D /* ViewController.swift */; };
		9CB7BA821C4F6686009FE14D /* Main.storyboard in Resources */ = {isa = PBXBuildFile; fileRef = 9CB7BA801C4F6686009FE14D /* Main.storyboard */; };
		9CB7BA841C4F6686009FE14D /* Assets.xcassets in Resources */ = {isa = PBXBuildFile; fileRef = 9CB7BA831C4F6686009FE14D /* Assets.xcassets */; };
		9CB7BA871C4F6686009FE14D /* LaunchScreen.storyboard in Resources */ = {isa = PBXBuildFile; fileRef = 9CB7BA851C4F6686009FE14D /* LaunchScreen.storyboard */; };
/* End PBXBuildFile section */

/* Begin PBXFileReference section */
		9CB7BA791C4F6686009FE14D /* battleground.app */ = {isa = PBXFileReference; explicitFileType = wrapper.application; includeInIndex = 0; path = battleground.app; sourceTree = BUILT_PRODUCTS_DIR; };
		9CB7BA7C1C4F6686009FE14D /* AppDelegate.swift */ = {isa = PBXFileReference; lastKnownFileType = sourcecode.swift; path = AppDelegate.swift; sourceTree = "<group>"; };
		9CB7BA7E1C4F6686009FE14D /* ViewController.swift */ = {isa = PBXFileReference; lastKnownFileType = sourcecode.swift; path = ViewController.swift; sourceTree = "<group>"; };
		9CB7BA811C4F6686009FE14D /* Base */ = {isa = PBXFileReference; lastKnownFileType = file.storyboard; name = Base; path = Base.lproj/Main.storyboard; sourceTree = "<group>"; };
		9CB7BA831C4F6686009FE14D /* Assets.xcassets */ = {isa = PBXFileReference; lastKnownFileType = folder.assetcatalog; path = Assets.xcassets; sourceTree = "<group>"; };
		9CB7BA861C4F6686009FE14D /* Base */ = {isa = PBXFileReference; lastKnownFileType = file.storyboard; name = Base; path = Base.lproj/LaunchScreen.storyboard; sourceTree = "<group>"; };
		9CB7BA881C4F6686009FE14D /* Info.plist */ = {isa = PBXFileReference; lastKnownFileType = text.plist.xml; path = Info.plist; sourceTree = "<group>"; };
/* End PBXFileReference section */

/* Begin PBXFrameworksBuildPhase section */
		9CB7BA761C4F6686009FE14D /* Frameworks */ = {
			isa = PBXFrameworksBuildPhase;
			buildActionMask = 2147483647;
			files = (
			);
			runOnlyForDeploymentPostprocessing = 0;
		};
/* End PBXFrameworksBuildPhase section */

/* Begin PBXGroup section */
		9CB7BA701C4F6686009FE14D = {
			isa = PBXGroup;
			children = (
				9CB7BA7B1C4F6686009FE14D /* battleground */,
				9CB7BA7A1C4F6686009FE14D /* Products */,
			);
			sourceTree = "<group>";
		};
		9CB7BA7A1C4F6686009FE14D /* Products */ = {
			isa = PBXGroup;
			children = (
				9CB7BA791C4F6686009FE14D /* battleground.app */,
			);
			name = Products;
			sourceTree = "<group>";
		};
		9CB7BA7B1C4F6686009FE14D /* battleground */ = {
			isa = PBXGroup;
			children = (
				9CB7BA7C1C4F6686009FE14D /* AppDelegate.swift */,
				9CB7BA7E1C4F6686009FE14D /* ViewController.swift */,
				9CB7BA801C4F6686009FE14D /* Main.storyboard */,
				9CB7BA831C4F6686009FE14D /* Assets.xcassets */,
				9CB7BA851C4F6686009FE14D /* LaunchScreen.storyboard */,
				9CB7BA881C4F6686009FE14D /* Info.plist */,
			);
			path = battleground;
			sourceTree = "<group>";
		};
/* End PBXGroup section */

/* Begin PBXNativeTarget section */
		9CB7BA781C4F6686009FE14D /* battleground */ = {
			isa = PBXNativeTarget;
			buildConfigurationList = 9CB7BA8B1C4F6686009FE14D /* Build configuration list for PBXNativeTarget "battleground" */;
			buildPhases = (
				9CB7BA751C4F6686009FE14D /* Sources */,
				9CB7BA761C4F6686009FE14D /* Frameworks */,
				9CB7BA771C4F6686009FE14D /* Resources */,
			);
			buildRules = (
			);
			dependencies = (
			);
			name = battleground;
			productName = battleground;
			productReference = 9CB7BA791C4F6686009FE14D /* battleground.app */;
			productType = "com.apple.product-type.application";
		};
/* End PBXNativeTarget section */

/* Begin PBXProject section */
		9CB7BA711C4F6686009FE14D /* Project object */ = {
			isa = PBXProject;
			attributes = {
				LastSwiftUpdateCheck = 0720;
				LastUpgradeCheck = 0720;
				ORGANIZATIONNAME = "DUSHYANT DAHIYA";
				TargetAttributes = {
					9CB7BA781C4F6686009FE14D = {
						CreatedOnToolsVersion = 7.2;
					};
				};
			};
			buildConfigurationList = 9CB7BA741C4F6686009FE14D /* Build configuration list for PBXProject "battleground" */;
			compatibilityVersion = "Xcode 3.2";
			developmentRegion = English;
			hasScannedForEncodings = 0;
			knownRegions = (
				en,
				Base,
			);
			mainGroup = 9CB7BA701C4F6686009FE14D;
			productRefGroup = 9CB7BA7A1C4F6686009FE14D /* Products */;
			projectDirPath = "";
			projectRoot = "";
			targets = (
				9CB7BA781C4F6686009FE14D /* battleground */,
			);
		};
/* End PBXProject section */

/* Begin PBXResourcesBuildPhase section */
		9CB7BA771C4F6686009FE14D /* Resources */ = {
			isa = PBXResourcesBuildPhase;
			buildActionMask = 2147483647;
			files = (
				9CB7BA871C4F6686009FE14D /* LaunchScreen.storyboard in Resources */,
				9CB7BA841C4F6686009FE14D /* Assets.xcassets in Resources */,
				9CB7BA821C4F6686009FE14D /* Main.storyboard in Resources */,
			);
			runOnlyForDeploymentPostprocessing = 0;
		};
/* End PBXResourcesBuildPhase section */

/* Begin PBXSourcesBuildPhase section */
		9CB7BA751C4F6686009FE14D /* Sources */ = {
			isa = PBXSourcesBuildPhase;
			buildActionMask = 2147483647;
			files = (
				9CB7BA7F1C4F6686009FE14D /* ViewController.swift in Sources */,
				9CB7BA7D1C4F6686009FE14D /* AppDelegate.swift in Sources */,
			);
			runOnlyForDeploymentPostprocessing = 0;
		};
/* End PBXSourcesBuildPhase section */

/* Begin PBXVariantGroup section */
		9CB7BA801C4F6686009FE14D /* Main.storyboard */ = {
			isa = PBXVariantGroup;
			children = (
				9CB7BA811C4F6686009FE14D /* Base */,
			);
			name = Main.storyboard;
			sourceTree = "<group>";
		};
		9CB7BA851C4F6686009FE14D /* LaunchScreen.storyboard */ = {
			isa = PBXVariantGroup;
			children = (
				9CB7BA861C4F6686009FE14D /* Base */,
			);
			name = LaunchScreen.storyboard;
			sourceTree = "<group>";
		};
/* End PBXVariantGroup section */

/* Begin XCBuildConfiguration section */
		9CB7BA891C4F6686009FE14D /* Debug */ = {
			isa = XCBuildConfiguration;
			buildSettings = {
				ALWAYS_SEARCH_USER_PATHS = NO;
				CLANG_CXX_LANGUAGE_STANDARD = "gnu++0x";
				CLANG_CXX_LIBRARY = "libc++";
				CLANG_ENABLE_MODULES = YES;
				CLANG_ENABLE_OBJC_ARC = YES;
				CLANG_WARN_BOOL_CONVERSION = YES;
				CLANG_WARN_CONSTANT_CONVERSION = YES;
				CLANG_WARN_DIRECT_OBJC_ISA_USAGE = YES_ERROR;
				CLANG_WARN_EMPTY_BODY = YES;
				CLANG_WARN_ENUM_CONVERSION = YES;
				CLANG_WARN_INT_CONVERSION = YES;
				CLANG_WARN_OBJC_ROOT_CLASS = YES_ERROR;
				CLANG_WARN_UNREACHABLE_CODE = YES;
				CLANG_WARN__DUPLICATE_METHOD_MATCH = YES;
				"CODE_SIGN_IDENTITY[sdk=iphoneos*]" = "iPhone Developer";
				COPY_PHASE_STRIP = NO;
				DEBUG_INFORMATION_FORMAT = dwarf;
				ENABLE_STRICT_OBJC_MSGSEND = YES;
				ENABLE_TESTABILITY = YES;
				GCC_C_LANGUAGE_STANDARD = gnu99;
				GCC_DYNAMIC_NO_PIC = NO;
				GCC_NO_COMMON_BLOCKS = YES;
				GCC_OPTIMIZATION_LEVEL = 0;
				GCC_PREPROCESSOR_DEFINITIONS = (
					"DEBUG=1",
					"$(inherited)",
				);
				GCC_WARN_64_TO_32_BIT_CONVERSION = YES;
				GCC_WARN_ABOUT_RETURN_TYPE = YES_ERROR;
				GCC_WARN_UNDECLARED_SELECTOR = YES;
				GCC_WARN_UNINITIALIZED_AUTOS = YES_AGGRESSIVE;
				GCC_WARN_UNUSED_FUNCTION = YES;
				GCC_WARN_UNUSED_VARIABLE = YES;
				IPHONEOS_DEPLOYMENT_TARGET = 9.2;
				MTL_ENABLE_DEBUG_INFO = YES;
				ONLY_ACTIVE_ARCH = YES;
				SDKROOT = iphoneos;
				SWIFT_OPTIMIZATION_LEVEL = "-Onone";
			};
			name = Debug;
		};
		9CB7BA8A1C4F6686009FE14D /* Release */ = {
			isa = XCBuildConfiguration;
			buildSettings = {
				ALWAYS_SEARCH_USER_PATHS = NO;
				CLANG_CXX_LANGUAGE_STANDARD = "gnu++0x";
				CLANG_CXX_LIBRARY = "libc++";
				CLANG_ENABLE_MODULES = YES;
				CLANG_ENABLE_OBJC_ARC = YES;
				CLANG_WARN_BOOL_CONVERSION = YES;
				CLANG_WARN_CONSTANT_CONVERSION = YES;
				CLANG_WARN_DIRECT_OBJC_ISA_USAGE = YES_ERROR;
				CLANG_WARN_EMPTY_BODY = YES;
				CLANG_WARN_ENUM_CONVERSION = YES;
				CLANG_WARN_INT_CONVERSION = YES;
				CLANG_WARN_OBJC_ROOT_CLASS = YES_ERROR;
				CLANG_WARN_UNREACHABLE_CODE = YES;
				CLANG_WARN__DUPLICATE_METHOD_MATCH = YES;
				"CODE_SIGN_IDENTITY[sdk=iphoneos*]" = "iPhone Developer";
				COPY_PHASE_STRIP = NO;
				DEBUG_INFORMATION_FORMAT = "dwarf-with-dsym";
				ENABLE_NS_ASSERTIONS = NO;
				ENABLE_STRICT_OBJC_MSGSEND = YES;
				GCC_C_LANGUAGE_STANDARD = gnu99;
				GCC_NO_COMMON_BLOCKS = YES;
				GCC_WARN_64_TO_32_BIT_CONVERSION = YES;
				GCC_WARN_ABOUT_RETURN_TYPE = YES_ERROR;
				GCC_WARN_UNDECLARED_SELECTOR = YES;
				GCC_WARN_UNINITIALIZED_AUTOS = YES_AGGRESSIVE;
				GCC_WARN_UNUSED_FUNCTION = YES;
				GCC_WARN_UNUSED_VARIABLE = YES;
				IPHONEOS_DEPLOYMENT_TARGET = 9.2;
				MTL_ENABLE_DEBUG_INFO = NO;
				SDKROOT = iphoneos;
				VALIDATE_PRODUCT = YES;
			};
			name = Release;
		};
		9CB7BA8C1C4F6686009FE14D /* Debug */ = {
			isa = XCBuildConfiguration;
			buildSettings = {
				ASSETCATALOG_COMPILER_APPICON_NAME = AppIcon;
				INFOPLIST_FILE = battleground/Info.plist;
				LD_RUNPATH_SEARCH_PATHS = "$(inherited) @executable_path/Frameworks";
				PRODUCT_BUNDLE_IDENTIFIER = com.dushyant.battleground;
				PRODUCT_NAME = "$(TARGET_NAME)";
			};
			name = Debug;
		};
		9CB7BA8D1C4F6686009FE14D /* Release */ = {
			isa = XCBuildConfiguration;
			buildSettings = {
				ASSETCATALOG_COMPILER_APPICON_NAME = AppIcon;
				INFOPLIST_FILE = battleground/Info.plist;
				LD_RUNPATH_SEARCH_PATHS = "$(inherited) @executable_path/Frameworks";
				PRODUCT_BUNDLE_IDENTIFIER = com.dushyant.battleground;
				PRODUCT_NAME = "$(TARGET_NAME)";
			};
			name = Release;
		};
/* End XCBuildConfiguration section */

/* Begin XCConfigurationList section */
		9CB7BA741C4F6686009FE14D /* Build configuration list for PBXProject "battleground" */ = {
			isa = XCConfigurationList;
			buildConfigurations = (
				9CB7BA891C4F6686009FE14D /* Debug */,
				9CB7BA8A1C4F6686009FE14D /* Release */,
			);
			defaultConfigurationIsVisible = 0;
			defaultConfigurationName = Release;
		};
		9CB7BA8B1C4F6686009FE14D /* Build configuration list for PBXNativeTarget "battleground" */ = {
			isa = XCConfigurationList;
			buildConfigurations = (
				9CB7BA8C1C4F6686009FE14D /* Debug */,
				9CB7BA8D1C4F6686009FE14D /* Release */,
			);
			defaultConfigurationIsVisible = 0;
		};
/* End XCConfigurationList section */
	};
	rootObject = 9CB7BA711C4F6686009FE14D /* Project object */;
}
